{
    "_meta": {
        "hash": {
            "sha256": "63e47fe07957906836c388c579cdc658518a555b60616316a2295f9c6e13f4bf"
        },
        "pipfile-spec": 6,
        "requires": {
            "python_version": "3.6"
        },
        "sources": [
            {
                "name": "pypi",
                "url": "https://pypi.python.org/simple",
                "verify_ssl": true
            }
        ]
    },
    "default": {
        "alembic": {
            "hashes": [
                "sha256:13b8611788acf0d7b617775db5c2ae26554a6d4263c590ef628d448fd05aef56"
            ],
            "index": "pypi",
            "version": "==0.9.8"
        },
        "blinker": {
            "hashes": [
                "sha256:471aee25f3992bd325afa3772f1063dbdbbca947a041b8b89466dc00d606f8b6"
            ],
            "version": "==1.4"
        },
        "cachetools": {
            "hashes": [
                "sha256:4319bbb78172e7bcf99423e1ecd6914b32336ccfe97d2058ffe62e641a7f3abe",
                "sha256:ede01f2d3cbd6ddc9e35e16c2b0ce011d8bb70ce0dbaf282f5b4df24b213bc5d"
            ],
            "version": "==2.0.1"
        },
        "certifi": {
            "hashes": [
                "sha256:14131608ad2fd56836d33a71ee60fa1c82bc9d2c8d98b7bdbc631fe1b3cd1296",
                "sha256:edbc3f203427eef571f79a7692bb160a2b0f7ccaa31953e99bd17e307cf63f7d"
            ],
            "version": "==2018.1.18"
        },
        "chardet": {
            "hashes": [
                "sha256:84ab92ed1c4d4f16916e05906b6b75a6c0fb5db821cc65e70cbd64a3e2a5eaae",
                "sha256:fc323ffcaeaed0e0a02bf4d117757b98aed530d9ed4531e3e15460124c106691"
            ],
            "version": "==3.0.4"
        },
        "click": {
            "hashes": [
                "sha256:29f99fc6125fbc931b758dc053b3114e55c77a6e4c6c3a2674a2dc986016381d",
                "sha256:f15516df478d5a56180fbf80e68f206010e6d160fc39fa508b65e035fd75130b"
            ],
            "version": "==6.7"
        },
        "contextlib2": {
            "hashes": [
                "sha256:509f9419ee91cdd00ba34443217d5ca51f5a364a404e1dce9e8979cea969ca48",
                "sha256:f5260a6e679d2ff42ec91ec5252f4eeffdcf21053db9113bd0a8e4d953769c00"
            ],
            "markers": "python_version < '3.2'",
            "version": "==0.5.5"
        },
        "ecdsa": {
            "hashes": [
                "sha256:40d002cf360d0e035cf2cb985e1308d41aaa087cbfc135b2dc2d844296ea546c",
                "sha256:64cf1ee26d1cde3c73c6d7d107f835fed7c6a2904aef9eac223d57ad800c43fa"
            ],
            "version": "==0.13"
        },
        "enum34": {
            "hashes": [
                "sha256:2d81cbbe0e73112bdfe6ef8576f2238f2ba27dd0d55752a776c41d38b7da2850",
                "sha256:644837f692e5f550741432dd3f223bbb9852018674981b1664e5dc339387588a",
                "sha256:6bd0f6ad48ec2aa117d3d141940d484deccda84d4fcd884f5c3d93c23ecd8c79",
                "sha256:8ad8c4783bf61ded74527bffb48ed9b54166685e4230386a9ed9b1279e2df5b1"
            ],
            "markers": "python_version < '3.4'",
            "version": "==1.1.6"
        },
        "firebase-admin": {
            "hashes": [
                "sha256:715cfb6d45efcd14d6026c5ad33f99fbecf21ef094229cf97b2d1591b10566d7",
                "sha256:e3176edccc632c379dc51f34bcb37d04168d30af4c0d0159f2a5d7bb21e5a3a4"
            ],
            "index": "pypi",
            "version": "==2.9.0"
        },
        "flask": {
            "hashes": [
                "sha256:0749df235e3ff61ac108f69ac178c9770caeaccad2509cb762ce1f65570a8856",
                "sha256:49f44461237b69ecd901cc7ce66feea0319b9158743dd27a2899962ab214dac1"
            ],
            "index": "pypi",
            "version": "==0.12.2"
        },
        "flask-admin": {
            "git": "https://github.com/flask-admin/flask-admin"
        },
        "flask-basicauth": {
            "hashes": [
                "sha256:df5ebd489dc0914c224419da059d991eb72988a01cdd4b956d52932ce7d501ff"
            ],
            "index": "pypi",
            "version": "==0.2.0"
        },
        "flask-cors": {
            "hashes": [
                "sha256:55eb3864b4290f939ff19a2250fcb47d8c0f63d250c6780b922629299d011ec8",
                "sha256:62ebc5ad80dc21ca0ea9f57466c2c74e24a62274af890b391790c260eb7b754b",
                "sha256:ac4b81b3d90f5f18714c995c807f94501df8c9bbc22ef4261c1cd850748c3850"
            ],
            "index": "pypi",
            "version": "==3.0.3"
        },
        "flask-migrate": {
            "hashes": [
                "sha256:493f9b3795985b9b4915bf3b7d16946697f027b73545384e7d9e3a79f989d2fe",
                "sha256:b709ca8642559c3c5a81a33ab10839fa052177accd5ba821047a99db635255ed"
            ],
            "index": "pypi",
            "version": "==2.1.1"
        },
        "flask-sqlalchemy": {
            "hashes": [
                "sha256:3bc0fac969dd8c0ace01b32060f0c729565293302f0c4269beed154b46bec50b",
                "sha256:5971b9852b5888655f11db634e87725a9031e170f37c0ce7851cf83497f56e53"
            ],
            "index": "pypi",
            "version": "==2.3.2"
        },
        "future": {
            "hashes": [
                "sha256:e39ced1ab767b5936646cedba8bcce582398233d6a627067d4c6a454c90cfedb"
            ],
            "version": "==0.16.0"
        },
        "futures": {
            "hashes": [
                "sha256:9ec02aa7d674acb8618afb127e27fde7fc68994c0437ad759fa094a574adb265",
                "sha256:ec0a6cb848cc212002b9828c3e34c675e0c9ff6741dc445cab6fdd4e1085d1f1"
            ],
            "markers": "python_version < '3.2'",
            "version": "==3.2.0"
        },
        "gevent": {
            "hashes": [
                "sha256:0901975628790e8a57fc92bb7062e5b856edea48c8de9caf36cfda14eae07329",
                "sha256:1af93825db5753550fa8ff5ab2f2132e8733170b3f8d38347b34fa4a984cb624",
                "sha256:2ff045a91509c35664c27a849c8cbf742a227f587b7cdbc88301e9c85dcaedff",
                "sha256:33fa6759eabc9176ddbe0d29b66867a82e19a61f06eb7cfabbac35343c0ecf24",
                "sha256:35790f1a3c8e431ada3471b70bb2105050009ea4beb15cbe41b86bc716a7ffa9",
                "sha256:4791c8ae9c57d6f153354736e1ccab1e2baf6c8d9ae5a77a9ac90f41e2966b2d",
                "sha256:4f098002126ebef7f2907188b6c8b09e5193161ce968847d9e6a8bc832b0db9a",
                "sha256:552719cec4721673b8c7d2f9de666e3f7591b9b182f801ecaef1c76e638052aa",
                "sha256:59e9237af027f8db85e5d78a9da2e328ae96f01d67a0d62abcecad3db7876908",
                "sha256:60109741377367eef8ded9283a1bf629621b73acaf3e1e8aac9d1a0f50fa0f05",
                "sha256:6892fabc9051e8c0a171d543b6536859aabeb6d169db79b2f45d64dc2a15808c",
                "sha256:70558dd45c7a1f8046ba45792e489dd0f409bd8a3b7a0635ca9d3055223b3dff",
                "sha256:74bce0c30bb2240e3d5d515ba8cb3eadf840c2bde7109a1979c7a26c9d0f5a6a",
                "sha256:7f93b67b680f4a921f517294048d05f8f6f0ed5962b78d6685a6cf0fcd7d8202",
                "sha256:81cb24e0f7bd9888596364e8d8ed0d65c2547c84884c67bb46d956faeed67396",
                "sha256:833bebdc36bfeeedefc200ca9aee9b8eddd80f56b63ca1e886e18b97b1240edd",
                "sha256:8a710eddb3e9e5f22bdbd458b5f211b94f59409ecd6896f15b9fee2cba266a59",
                "sha256:9b492bb1a043540abb6e54fdb5537531e24962ca49c09f3b47dc4f9c37f6297c",
                "sha256:a0ed8ba787b9c0c1c565c2675d71652e6c1e2d4e91f53530860d0303e867fe85",
                "sha256:a16db4f56699ef07f0249b953ff949aae641e50b2bdc4710f11c0d8d9089b296",
                "sha256:a66cf99f08da65c501826a19e30f5a6e7ba942fdd79baba5ce2d51eebaa13444",
                "sha256:b67a10799923f9fed546ca5f8b93a2819c71a60132d7a97b4a13fbdab66b278a",
                "sha256:b7e0e6400c2f3ce78a9ae1cdd55b53166feedd003d60c033863881227129a4d3",
                "sha256:c35b29de49211014ec66d056fd4f9ba7a04795e2a654697f72879c0cf365d6d4",
                "sha256:c9dd6534c46ed782e2d7236767cd07115cb29ce8670c2fc0794f264de9024fe0",
                "sha256:de13a8e378103af84a8bf6015ad1d2761d46f29b8393e8dd6d9bb7cb51bbb713",
                "sha256:deafd70d04ab62428d4e291e8e2c0fb22f38690e6a9f23a67ee6c304087634da",
                "sha256:df52e06a2754c2d905aad75a7dc06a732c804d9edbc87f06f47c8f483ba98bca",
                "sha256:fce894a64db3911897cdad6c37fbb23dfb18b7bf8b9cb8c00a8ea0a7253651c9"
            ],
            "index": "pypi",
            "version": "==1.2.2"
        },
        "google-api-core": {
            "hashes": [
                "sha256:5eb574300183096f0a77f934a47e02c532a7bd128bcb8919d6f7099d5584c26c",
                "sha256:74e11737212e922ce9623b73f714eefe0c9cb18b1f49ce1424aac970f741df8e"
            ],
            "version": "==1.0.0"
        },
        "google-auth": {
            "hashes": [
                "sha256:34088434cb2a2409360b8f3cbc04195a465df1fb2aafad71ebbded77cbf08803",
                "sha256:9051802d3dae256036cca9e34633a32c0ed1427730d4ebc513dff91ec8b6dd45"
            ],
            "version": "==1.4.1"
        },
        "google-cloud-core": {
            "hashes": [
                "sha256:0090df83dbc5cb2405fa90844366d13176d1c0b48181c1807ab15f53be403f73",
                "sha256:89e8140a288acec20c5e56159461d3afa4073570c9758c05d4e6cb7f2f8cc440"
            ],
            "version": "==0.28.1"
        },
        "google-cloud-firestore": {
            "hashes": [
                "sha256:a71e36aa39771e51555c3cd9a6bd86f0cc016cef203edda9b0e8fc25f2090211",
                "sha256:e34c3d45a3deb0af92cbde769f14ab54fdec7c5cd21b5f49a73cf9b9d3f8d342"
            ],
            "version": "==0.29.0"
        },
        "google-cloud-storage": {
            "hashes": [
                "sha256:7086cc6d81a2ee3de41e30e9e9e272d0cabddb1308cd91f41608f85e2c2fa94a",
                "sha256:be2c92ba283ba59d97b087cb3a35701f7327fe64a3a2a8ccef1b316114b52f73"
            ],
            "version": "==1.8.0"
        },
        "google-resumable-media": {
            "hashes": [
                "sha256:116de90b9cd483b17c53618ee6a5a20f33e741c648140c8cc9c2141e07616ff1",
                "sha256:97de518f8166d442cc0b61fab308bcd319dbb970981e667ec8ded44f5ce49836"
            ],
            "version": "==0.3.1"
        },
        "googleapis-common-protos": {
            "hashes": [
                "sha256:c075eddaa2628ab519e01b7d75b76e66c40eaa50fc52758d8225f84708950ef2"
            ],
            "version": "==1.5.3"
        },
        "greenlet": {
            "hashes": [
                "sha256:09ef2636ea35782364c830f07127d6c7a70542b178268714a9a9ba16318e7e8b",
                "sha256:0fef83d43bf87a5196c91e73cb9772f945a4caaff91242766c5916d1dd1381e4",
                "sha256:1b7df09c6598f5cfb40f843ade14ed1eb40596e75cd79b6fa2efc750ba01bb01",
                "sha256:1fff21a2da5f9e03ddc5bd99131a6b8edf3d7f9d6bc29ba21784323d17806ed7",
                "sha256:42118bf608e0288e35304b449a2d87e2ba77d1e373e8aa221ccdea073de026fa",
                "sha256:50643fd6d54fd919f9a0a577c5f7b71f5d21f0959ab48767bd4bb73ae0839500",
                "sha256:58798b5d30054bb4f6cf0f712f08e6092df23a718b69000786634a265e8911a9",
                "sha256:5b49b3049697aeae17ef7bf21267e69972d9e04917658b4e788986ea5cc518e8",
                "sha256:75c413551a436b462d5929255b6dc9c0c3c2b25cbeaee5271a56c7fda8ca49c0",
                "sha256:769b740aeebd584cd59232be84fdcaf6270b8adc356596cdea5b2152c82caaac",
                "sha256:ad2383d39f13534f3ca5c48fe1fc0975676846dc39c2cece78c0f1f9891418e0",
                "sha256:b417bb7ff680d43e7bd7a13e2e08956fa6acb11fd432f74c97b7664f8bdb6ec1",
                "sha256:b6ef0cabaf5a6ecb5ac122e689d25ba12433a90c7b067b12e5f28bdb7fb78254",
                "sha256:c2de19c88bdb0366c976cc125dca1002ec1b346989d59524178adfd395e62421",
                "sha256:c7b04a6dc74087b1598de8d713198de4718fa30ec6cbb84959b26426c198e041",
                "sha256:f8f2a0ae8de0b49c7b5b2daca4f150fdd9c1173e854df2cce3b04123244f9f45",
                "sha256:fcfadaf4bf68a27e5dc2f42cbb2f4b4ceea9f05d1d0b8f7787e640bed2801634"
            ],
            "markers": "platform_python_implementation == 'CPython'",
            "version": "==0.4.13"
        },
        "grpcio": {
            "hashes": [
                "sha256:022dc2a6d1537a5a16af4ccc3355ad7b512f9c627a1d5d579cd7c18830378bb3",
                "sha256:025a591606b0aca13bec3e019d6acec01a39421f01b915b98a3a93ea0a53b412",
                "sha256:03265472d39bf26f124c3ef68446f7873c8260893e6ae65b323a5b51ed52e580",
                "sha256:10efe2e016c3ca7a370771ffcf1de9baa3456d4bccefde0f4ce3be091d871c8f",
                "sha256:14bca481188c3f19135012aaff9abefa4e15529c7e1aca3084183d78094d06bd",
                "sha256:17240d672b5c1c9ff22e52236c1870413b7fb5af762b97ce5a747a55e0a57e98",
                "sha256:1bc36e512741f82c1d73f42df536aa2ab75d840f0d35c149b5d0bee1aed16862",
                "sha256:224c513fbe0c3ca546870e5c21b08a8a56cd25795b76b3192ee9702a3344764b",
                "sha256:2894466c499d9752e0d49ee8adc5ee12c676d86211fc1b292bf713cc7cfe9853",
                "sha256:435b3bab2e34814666854eec203c77b169df1cd56cf22fe449cf5510af416e7d",
                "sha256:4765600467d7cdb8f62a591d4427ddbeefcf4dbbe46e2f1b10af555e815ecbcb",
                "sha256:4fa658a7e1ba5727ca066b1c8bb64c6befb98f2b8007f04a16c7c84555bf11b9",
                "sha256:87e52924a99ac5935a468b3fe49c4b0090bd9b05470b55ed1192308791e6d332",
                "sha256:88afda198adb0a9da52a66152062027a57877b46f59ffcf55acc3cbfaff77160",
                "sha256:982439a872d41f969724efc139e0416ba45e0d7446e9a41fd2ebe19351adff9a",
                "sha256:a1bc37c9910d0fbf4d9e80d5822f92c6e01e28dd1eb01323636ed19666b537cb",
                "sha256:aa473b8276de39eeccc4ad6cbb7fd7feab0868180d72c0c93226033c79fa69b7",
                "sha256:ae82bf2f7ceac6ba956e816120b4f66bda035571350e46b61bbdde1808aed1dd",
                "sha256:b56e4f355c2499bb0bf8f8f4d0362b618b06afdfd2c10722710596dc7e295c6c",
                "sha256:d2accc8e354f0ed5b337865260a78b3c6851d2fe3c0e1b025d437122cc15dd31",
                "sha256:d410835e7554d064c2d99cfa0dd393ffbb0ccf52145ab51c725a8472ed254a3c",
                "sha256:d9e3105f6de6cb759b028702bdd21cb36d27e010227669e43c675b9957a3c180",
                "sha256:da306c80d69801a3e4115c448ed4ad481957d723ec1e00b99497c6661573c3e5",
                "sha256:e579e4124d2a0931ce39639c60e0711918d6659b933eb97e67f60f84666ea488",
                "sha256:e86639989c03831912fd9924beda26f6e9ffcc267656cea035bde9d88cf793b2",
                "sha256:ea9564f58144e2f07995d57fb8e636be5efb084cd59c8651391ada2bb75dc0ff",
                "sha256:f4a38071dd27f140cfe774f56aecdf0e33de926c21289cc9c7521ce8dd91fc1c"
            ],
            "version": "==1.10.0"
        },
        "gunicorn": {
            "hashes": [
                "sha256:75af03c99389535f218cc596c7de74df4763803f7b63eb09d77e92b3956b36c6",
                "sha256:eee1169f0ca667be05db3351a0960765620dad53f53434262ff8901b68a1b622"
            ],
            "index": "pypi",
            "version": "==19.7.1"
        },
        "idna": {
            "hashes": [
                "sha256:2c6a5de3089009e3da7c5dde64a141dbc8551d5b7f6cf4ed7c2568d0cc520a8f",
                "sha256:8c7309c718f94b3a625cb648ace320157ad16ff131ae0af362c9f21b80ef6ec4"
            ],
            "version": "==2.6"
        },
        "itsdangerous": {
            "hashes": [
                "sha256:cbb3fcf8d3e33df861709ecaf89d9e6629cff0a217bc2848f1b41cd30d360519"
            ],
            "version": "==0.24"
        },
        "jinja2": {
            "hashes": [
                "sha256:74c935a1b8bb9a3947c50a54766a969d4846290e1e788ea44c1392163723c3bd",
                "sha256:f84be1bb0040caca4cea721fcbbbbd61f9be9464ca236387158b0feea01914a4"
            ],
            "version": "==2.10"
        },
        "mako": {
            "hashes": [
                "sha256:4e02fde57bd4abb5ec400181e4c314f56ac3e49ba4fb8b0d50bba18cb27d25ae"
            ],
            "version": "==1.0.7"
        },
        "markupsafe": {
            "hashes": [
                "sha256:a6be69091dac236ea9c6bc7d012beab42010fa914c459791d627dad4910eb665"
            ],
            "version": "==1.0"
        },
        "protobuf": {
            "hashes": [
                "sha256:09879a295fd7234e523b62066223b128c5a8a88f682e3aff62fb115e4a0d8be0",
                "sha256:14813a3421ff0144e8d4e81ed83a3fbe350d8d85cbe480bf2e81cf45e8083e0d",
                "sha256:18a4a387e8378dbbd53ebe9cc925ea2fe2a7b98c497833ea345803cb53b885d9",
                "sha256:24c1cc840b4832a909bbeac664fd8f878cf72b8ab97bfe4fb82a156c3f1f0e15",
                "sha256:40c943a8ffb3501164da1d2b537ad2e33d08daf81fbb3e9073bf291726a24467",
                "sha256:41e916354265d2f54b95e454305c98f90bb30fafb817119540753e67f193de57",
                "sha256:59610aeb5ade675106dca26c771814a1aa63bf2b3780584853e3dd447ed5c52f",
                "sha256:59ff8a204aa2ef98d6c25c2adffb13dda81bb4ac6ffb0829c92e801241b6477b",
                "sha256:64a3600d2a531d7c516c371efa431035ce501ab8425dcc8bdb99eddf5a4d34c9",
                "sha256:6e1c0972462ce9dc4d2860d533487b39f89de00b3f30b99c31a6b3e8fbf8b787",
                "sha256:75e1a7b12248a98b620ffbda3e41767aa2ae57c7cc553a12407a48c44f58f2e7",
                "sha256:84ed523853c82c76dd1dfd15f31de2d66fa7cb22a48aa42dbc32465868d7e4af",
                "sha256:87908d494be2b46a55de5e55ca11d9a2508b59b035c1b0549c3b692a77f57a7b",
                "sha256:88c7958dad426920a43af58c5805d2de860a33f82d47f5a102af25f2788682c7",
                "sha256:8ba58356fc40ed7749c73eeae3d86f6a9e756ba1ae5f5833990b237b7d61ba09",
                "sha256:94d159e2bbbe4df1b5f0715965e284f2156ce127a7d521a3dcbdd38e945bc4c0",
                "sha256:c4d531e745168c16fc7abff12922c491d34f4063c1b49fe5417b72be869f5df6",
                "sha256:e457146bb9f997736460b10b2f2a9284603db4bbd60c8c431b5b4b309efbe036",
                "sha256:e774cd03628c0b2f850a09a8c005fe6113f97e37f6df07a7b20221dc1ee4efd3",
                "sha256:ec51286554eceebcf169a3a8604861e113d28fc98094dcbedc6067f058478917"
            ],
            "version": "==3.5.2"
        },
        "psycopg2-binary": {
            "hashes": [
                "sha256:02eb674e3d5810e19b4d5d00720b17130e182da1ba259dda608aaf33d787347d",
                "sha256:3a14baeabcebd4662f12f4bff03e0574a2369a2e41baf829e6fb4a24c95cf88b",
                "sha256:436a503eda41f6adb08f292f40a3784fce0a5f351b6ae7b19a911904db53af93",
                "sha256:465ff1d427ed42c31e456dbbd9edab3552be18a0edaef7450c5b3e6fee745052",
                "sha256:4a1a5ea2fa4b53191637b162873a82822d92a85a08beefe28296b8eb5cf2fea5",
                "sha256:4a4f23a08fbccbe40ecdb5384d807bcb469ea71dd87e6be2e80b036b8e6d47df",
                "sha256:77a2fc622a1f2d08a707673c9be5769d521f03d867d305f172bb417fa7882754",
                "sha256:8014c06a9ed7b78ba81beff3ae71acd78c212390f8ed839e9ce22735880bd5b4",
                "sha256:83af04029bcb4b56c852e5876fef71340dcb465fa44fc99f80bac72e10fb0b74",
                "sha256:86c0d2587f56776f25d52cca8e275adf495c8e01933fbfc2ca23b124610ab761",
                "sha256:9305d7cbc802aaefac5c75a3df725f2654797369f32b18d4d0adb382dfab6c09",
                "sha256:9b5ddbed85ec73293695d7116589d956ef0dd3fcf7bf3b2a3bc1e8e54c1d543a",
                "sha256:a3d2cc0cb0b988dbfd0d11f7fac34058b25a6ce533ed5b8e88d6cb315e77d54a",
                "sha256:ab1db8f3e96570d9f7ebc45133ce2574804b2280499baade178e163d022107b5",
                "sha256:b039f51bca1ddd70234cc3f84f94f42ad43861b931bdfb497f887c60c39a6565",
                "sha256:b287ddf4cafcfb632974907d1e7862119e36bb758228bdb07dd247553e4cdfc0",
                "sha256:b6b2b26590304d97ef2af28d153ee99ace6fe0806934f4618edfc87216c77f91",
                "sha256:c4c6004d410c77bfa5389ae9485498ce32805447a67afbfe8db0d247a5c88fa1",
                "sha256:c606bff0978ee4858d86d40f6b6ab0c4cac4474f627bd054683dc03a4fc1a366",
                "sha256:c8220c521a408b41c4f14036004a621ed0d965941286b978cd2ea2623fabd755",
                "sha256:cb07184a4bfad304831f0a88b1c13fbd8cf9fcdf1f11e71c477dd6d7b1b078a0",
                "sha256:cf3911fba0c47fc1313b5783183cda301032b14637a0b7a336766ae46998c7ee",
                "sha256:d0972f062c73956332e9681dfdb133168618f0abfecc96e89f0205ac89cd454b",
                "sha256:d1dd3eb8edd354083f5d27b968c5a17854c41347ba5a480b520be85ec1a8495c",
                "sha256:d51c7ed810fce1e50464088c37cc8da05534de8afb12a732500827ebcc480081",
                "sha256:d8940b5104588d6313315e037f0f5ed68d2e5f62ccc1c429d3cff11d2ba6de3f",
                "sha256:de4f88f823037a71ea5ef3c1041d96b8a68d73343133edda684fd42f575bd9d7"
            ],
            "index": "pypi",
            "version": "==2.7.4"
        },
        "pyasn1": {
            "hashes": [
                "sha256:0d7f6e959fe53f3960a23d73f35e1fce61348b30915b6664309ca756de7c1f89",
                "sha256:5a0db897b311d265cde49615cf783f1c78613138605cdd0f907ecfa5b2aba3ee",
                "sha256:758cb50abddc03e4563fd9e7f03db56e3e87b58c0bd01247360326e5c0c7ffa5",
                "sha256:7d626683e3d792cccc608da02498aff37ab4f3dafd8905d6bf755d11f9b26b43",
                "sha256:a7efe807c4b83a859e2735c692b92ed7b567cfddc4163763412920041d876c2b",
                "sha256:b5a9ca48055b9a20f6d1b3d68e38692e5431c86a0f99ea602e61294e891fee5b",
                "sha256:c07d6e587b2f928366b1f67c09bda026a3e6fcc99e80a744dc67f8fca3895626",
                "sha256:d258b0a71994f7770599835249cece1caef3c70def868c4915e6e5ca49b67d15",
                "sha256:d5cd6ed995dba16fad0c521cfe31cd2d68400b53fcc2bce93326829be73ab6d1",
                "sha256:d84c2aea3cf43780e9e6a19f4e4dddee9f6976519020e64e47c57e5c7a8c3dd2",
                "sha256:e85895087905c65b5b594eb91f7522664c85545b147d5f4d4e7b1b07da8dcbdc",
                "sha256:f81c96761fca60d64b1c9b79ec2e40cf9495a745cf570613079ef324aeb9672b"
            ],
            "version": "==0.4.2"
        },
        "pyasn1-modules": {
            "hashes": [
                "sha256:041e9fbafac548d095f5b6c3b328b80792f006196e15a232b731a83c93d59493",
                "sha256:0cdca76a68dcb701fff58c397de0ef9922b472b1cb3ea9695ca19d03f1869787",
                "sha256:0cea139045c38f84abaa803bcb4b5e8775ea12a42af10019d942f227acc426c3",
                "sha256:0f2e50d20bc670be170966638fa0ae603f0bc9ed6ebe8e97a6d1d4cef30cc889",
                "sha256:47fb6757ab78fe966e7c58b2030b546854f78416d653163f0ce9290cf2278e8b",
                "sha256:598a6004ec26a8ab40a39ea955068cf2a3949ad9c0030da970f2e1ca4c9f1cc9",
                "sha256:72fd8b0c11191da088147c6e4678ec53e573923ecf60b57eeac9e97433e09fc2",
                "sha256:854700bbdd01394e2ada9c1bfbd0ed9f5d0c551350dbbd023e88b11d2771ae06",
                "sha256:af00ea8f2022b6287dc375b2c70f31ab5af83989fc6fe9eacd4976ce26cd7ccc",
                "sha256:b1f395cae2d669e0830cb023aa86f9f283b7a9aa32317d7f80d8e78aa2745812",
                "sha256:c6747146e95d2b14cc2a8399b2b0bde3f93778f8f9ec704690d2b589c376c137",
                "sha256:f53fe5bcebdf318f51399b250fe8325ef3a26d927f012cc0c8e0f9e9af7f9deb"
            ],
            "version": "==0.2.1"
        },
        "pycryptodome": {
            "hashes": [
                "sha256:008e0bfc02f8c409fbe31a1dd1ff3aa18b5c109b47a05603ca734506a7b3a8cb",
                "sha256:02ad39528c6e856acfc04af7b86106b58806b56b067548be7213016510f44142",
                "sha256:08b0af4035b036d3fa051148e1d44ab8e4260e87daca2c34e29fd1ba883a890b",
                "sha256:215e1d99e389ebe910e5a12c85a1974eba88e2fc23256913e9eff5a34f7361a9",
                "sha256:3f792eb9ff211445712824c30c1f59970f79339bcc4e0b0e2903445d20f99685",
                "sha256:684045e3b34d646b3888cb334a051ff11f9e393482fed95e9914d155a592348c",
                "sha256:6881f7c099e64600eaf5baabec6a83db24db695f00d64f472fd583736f652bee",
                "sha256:73ea3973983eaa096c6f2857185d9cd1d89586cf69478ff4ddbf6a4df9068d78",
                "sha256:74bcd74b580f486f67ea71b9f86aa405cf2a454ddddc3ec03d8274c2f9cb6949",
                "sha256:78b537993b3baeb1e0f0ae6546cbbf859f71aec5815ff234f8b496fdc8be862d",
                "sha256:8c7c50269092127d19db4004c4bd5814daa158428947d2074ef94dc2c4c363e3",
                "sha256:90c1c08431ccf8d6385b5071e5d3f7ecbf85dbd1cbd45439fe136bc514c73136",
                "sha256:9bcf1157ba987081a3a52db3a2f5e358e7cafe3321ed3efa9c4f8d94ca1cf230",
                "sha256:a14521d67f082f76dea5d63affa70923ef6228151d56d2e8320baaabb31b0488",
                "sha256:ae8a135010e73b9be3a058177fc2bea5a0210ef06f4ec98a08096f4f95f01eb7",
                "sha256:b7957736f5e868416b06ff033f8525e64630c99a8880b531836605190b0cac96",
                "sha256:bb2c04525ababc2e74e09250e2a13ff01153ce49b2418be88d75d7656673e98e",
                "sha256:c0ea075b462ddd2135002ed9df72925e08629e750b9f37c21a2076602fab23a8",
                "sha256:cfa669956db31bfc5aad26dc1625b218e3f0200f4b52f1f36985488d86a55d93",
                "sha256:d6263002baf78f92ed1a5bd1112b695eed3d1b03813a516a1443a5ad41e70d09",
                "sha256:d76e04b988dadb4893f68ca1ff189ae37c4766cbd3cbed39d764e63bf2d2874f",
                "sha256:eb3b3608764a0203d3f8b74ee2566d6bcda53c8afc2d70596f2ee5031e049f04",
                "sha256:fd2ca8126841cee1bedc1d8e1bb5e9bfe3f0624f9858b580f8bd4309421c2b27"
            ],
            "version": "==3.5.1"
        },
        "python-dateutil": {
            "hashes": [
                "sha256:07009062406cffd554a9b4135cd2ff167c9bf6b7aac61fe946c93e69fad1bbd8",
                "sha256:8f95bb7e6edbb2456a51a1fb58c8dca942024b4f5844cae62c90aa88afe6e300"
            ],
            "version": "==2.7.0"
        },
        "python-editor": {
            "hashes": [
                "sha256:a3c066acee22a1c94f63938341d4fb374e3fdd69366ed6603d7b24bed1efc565"
            ],
            "version": "==1.0.3"
        },
        "python-jose": {
            "hashes": [
                "sha256:391f860dbe274223d73dd87de25e4117bf09e8fe5f93a417663b1f2d7b591165",
                "sha256:3b35cdb0e55a88581ff6d3f12de753aa459e940b50fe7ca5aa25149bc94cb37b"
            ],
            "index": "pypi",
            "version": "==2.0.2"
        },
        "pytz": {
            "hashes": [
                "sha256:07edfc3d4d2705a20a6e99d97f0c4b61c800b8232dc1c04d87e8554f130148dd",
                "sha256:3a47ff71597f821cd84a162e71593004286e5be07a340fd462f0d33a760782b5",
                "sha256:410bcd1d6409026fbaa65d9ed33bf6dd8b1e94a499e32168acfc7b332e4095c0",
                "sha256:5bd55c744e6feaa4d599a6cbd8228b4f8f9ba96de2c38d56f08e534b3c9edf0d",
                "sha256:61242a9abc626379574a166dc0e96a66cd7c3b27fc10868003fa210be4bff1c9",
                "sha256:887ab5e5b32e4d0c86efddd3d055c1f363cbaa583beb8da5e22d2fa2f64d51ef",
                "sha256:ba18e6a243b3625513d85239b3e49055a2f0318466e0b8a92b8fb8ca7ccdf55f",
                "sha256:ed6509d9af298b7995d69a440e2822288f2eca1681b8cce37673dbb10091e5fe",
                "sha256:f93ddcdd6342f94cea379c73cddb5724e0d6d0a1c91c9bdef364dc0368ba4fda"
            ],
            "version": "==2018.3"
        },
        "raven": {
            "hashes": [
                "sha256:738a52019d01955d5b44b49d67c9f2f4cedb1b4f70d4fb0b493931174d00e044",
                "sha256:92bf4c4819472ed20f1b9905eeeafe1bc6fe5f273d7c14506fdb8fb3a6ab2074"
            ],
            "index": "pypi",
            "version": "==6.6.0"
        },
        "requests": {
            "hashes": [
                "sha256:6a1b267aa90cac58ac3a765d067950e7dbbf75b1da07e895d1f594193a40a38b",
                "sha256:9c443e7324ba5b85070c4a818ade28bfabedf16ea10206da1132edaa6dda237e"
            ],
            "index": "pypi",
            "version": "==2.18.4"
        },
        "rsa": {
            "hashes": [
                "sha256:25df4e10c263fb88b5ace923dd84bf9aa7f5019687b5e55382ffcdb8bede9db5",
                "sha256:43f682fea81c452c98d09fc316aae12de6d30c4b5c84226642cf8f8fd1c93abd"
            ],
            "version": "==3.4.2"
        },
        "six": {
            "hashes": [
                "sha256:70e8a77beed4562e7f14fe23a786b54f6296e34344c23bc42f07b15018ff98e9",
                "sha256:832dc0e10feb1aa2c68dcc57dbb658f1c7e65b9b61af69048abc87a2db00a0eb"
            ],
            "version": "==1.11.0"
        },
        "sqlalchemy": {
            "hashes": [
                "sha256:249000654107a420a40200f1e0b555a79dfd4eff235b2ff60bc77714bd045f2d"
            ],
            "index": "pypi",
            "version": "==1.2.5"
        },
        "urllib3": {
            "hashes": [
                "sha256:06330f386d6e4b195fbfc736b297f58c5a892e4440e54d294d7004e3a9bbea1b",
                "sha256:cc44da8e1145637334317feebd728bd869a35285b93cbb4cca2577da7e62db4f"
            ],
            "version": "==1.22"
        },
        "werkzeug": {
            "hashes": [
                "sha256:c3fd7a7d41976d9f44db327260e263132466836cef6f91512889ed60ad26557c",
                "sha256:d5da73735293558eb1651ee2fddc4d0dedcfa06538b8813a2e20011583c9e49b"
            ],
            "version": "==0.14.1"
        }
    },
    "develop": {
        "appnope": {
            "hashes": [
                "sha256:5b26757dc6f79a3b7dc9fab95359328d5747fcb2409d331ea66d0272b90ab2a0",
                "sha256:8b995ffe925347a2138d7ac0fe77155e4311a0ea6d6da4f5128fe4b3cbe5ed71"
            ],
            "markers": "sys_platform == 'darwin'",
            "version": "==0.1.0"
        },
        "attrs": {
            "hashes": [
                "sha256:1c7960ccfd6a005cd9f7ba884e6316b5e430a3f1a6c37c5f87d8b43f83b54ec9",
                "sha256:a17a9573a6f475c99b551c0e0a812707ddda1ec9653bed04c13841404ed6f450"
            ],
            "version": "==17.4.0"
        },
        "certifi": {
            "hashes": [
                "sha256:14131608ad2fd56836d33a71ee60fa1c82bc9d2c8d98b7bdbc631fe1b3cd1296",
                "sha256:edbc3f203427eef571f79a7692bb160a2b0f7ccaa31953e99bd17e307cf63f7d"
            ],
            "version": "==2018.1.18"
        },
        "chardet": {
            "hashes": [
                "sha256:84ab92ed1c4d4f16916e05906b6b75a6c0fb5db821cc65e70cbd64a3e2a5eaae",
                "sha256:fc323ffcaeaed0e0a02bf4d117757b98aed530d9ed4531e3e15460124c106691"
            ],
            "version": "==3.0.4"
        },
        "codecov": {
            "hashes": [
                "sha256:8ed8b7c6791010d359baed66f84f061bba5bd41174bf324c31311e8737602788",
                "sha256:ae00d68e18d8a20e9c3288ba3875ae03db3a8e892115bf9b83ef20507732bed4"
            ],
            "index": "pypi",
            "version": "==2.0.15"
        },
        "colorama": {
            "hashes": [
                "sha256:463f8483208e921368c9f306094eb6f725c6ca42b0f97e313cb5d5512459feda",
                "sha256:48eb22f4f8461b1df5734a074b57042430fb06e1d61bd1e11b078c0fe6d7a1f1"
            ],
            "markers": "sys_platform == 'win32'",
            "version": "==0.3.9"
        },
        "configparser": {
            "hashes": [
                "sha256:5308b47021bc2340965c371f0f058cc6971a04502638d4244225c49d80db273a"
            ],
            "markers": "python_version < '3.2'",
            "version": "==3.5.0"
        },
        "coverage": {
            "hashes": [
                "sha256:03481e81d558d30d230bc12999e3edffe392d244349a90f4ef9b88425fac74ba",
                "sha256:0b136648de27201056c1869a6c0d4e23f464750fd9a9ba9750b8336a244429ed",
                "sha256:104ab3934abaf5be871a583541e8829d6c19ce7bde2923b2751e0d3ca44db60a",
                "sha256:15b111b6a0f46ee1a485414a52a7ad1d703bdf984e9ed3c288a4414d3871dcbd",
                "sha256:198626739a79b09fa0a2f06e083ffd12eb55449b5f8bfdbeed1df4910b2ca640",
                "sha256:1c383d2ef13ade2acc636556fd544dba6e14fa30755f26812f54300e401f98f2",
                "sha256:28b2191e7283f4f3568962e373b47ef7f0392993bb6660d079c62bd50fe9d162",
                "sha256:2eb564bbf7816a9d68dd3369a510be3327f1c618d2357fa6b1216994c2e3d508",
                "sha256:337ded681dd2ef9ca04ef5d93cfc87e52e09db2594c296b4a0a3662cb1b41249",
                "sha256:3a2184c6d797a125dca8367878d3b9a178b6fdd05fdc2d35d758c3006a1cd694",
                "sha256:3c79a6f7b95751cdebcd9037e4d06f8d5a9b60e4ed0cd231342aa8ad7124882a",
                "sha256:3d72c20bd105022d29b14a7d628462ebdc61de2f303322c0212a054352f3b287",
                "sha256:3eb42bf89a6be7deb64116dd1cc4b08171734d721e7a7e57ad64cc4ef29ed2f1",
                "sha256:4635a184d0bbe537aa185a34193898eee409332a8ccb27eea36f262566585000",
                "sha256:56e448f051a201c5ebbaa86a5efd0ca90d327204d8b059ab25ad0f35fbfd79f1",
                "sha256:5a13ea7911ff5e1796b6d5e4fbbf6952381a611209b736d48e675c2756f3f74e",
                "sha256:69bf008a06b76619d3c3f3b1983f5145c75a305a0fea513aca094cae5c40a8f5",
                "sha256:6bc583dc18d5979dc0f6cec26a8603129de0304d5ae1f17e57a12834e7235062",
                "sha256:701cd6093d63e6b8ad7009d8a92425428bc4d6e7ab8d75efbb665c806c1d79ba",
                "sha256:7608a3dd5d73cb06c531b8925e0ef8d3de31fed2544a7de6c63960a1e73ea4bc",
                "sha256:76ecd006d1d8f739430ec50cc872889af1f9c1b6b8f48e29941814b09b0fd3cc",
                "sha256:7aa36d2b844a3e4a4b356708d79fd2c260281a7390d678a10b91ca595ddc9e99",
                "sha256:7d3f553904b0c5c016d1dad058a7554c7ac4c91a789fca496e7d8347ad040653",
                "sha256:7e1fe19bd6dce69d9fd159d8e4a80a8f52101380d5d3a4d374b6d3eae0e5de9c",
                "sha256:8c3cb8c35ec4d9506979b4cf90ee9918bc2e49f84189d9bf5c36c0c1119c6558",
                "sha256:9d6dd10d49e01571bf6e147d3b505141ffc093a06756c60b053a859cb2128b1f",
                "sha256:9e112fcbe0148a6fa4f0a02e8d58e94470fc6cb82a5481618fea901699bf34c4",
                "sha256:ac4fef68da01116a5c117eba4dd46f2e06847a497de5ed1d64bb99a5fda1ef91",
                "sha256:b8815995e050764c8610dbc82641807d196927c3dbed207f0a079833ffcf588d",
                "sha256:be6cfcd8053d13f5f5eeb284aa8a814220c3da1b0078fa859011c7fffd86dab9",
                "sha256:c1bb572fab8208c400adaf06a8133ac0712179a334c09224fb11393e920abcdd",
                "sha256:de4418dadaa1c01d497e539210cb6baa015965526ff5afc078c57ca69160108d",
                "sha256:e05cb4d9aad6233d67e0541caa7e511fa4047ed7750ec2510d466e806e0255d6",
                "sha256:e4d96c07229f58cb686120f168276e434660e4358cc9cf3b0464210b04913e77",
                "sha256:f3f501f345f24383c0000395b26b726e46758b71393267aeae0bd36f8b3ade80",
                "sha256:f8a923a85cb099422ad5a2e345fe877bbc89a8a8b23235824a93488150e45f6e"
            ],
            "version": "==4.5.1"
        },
        "decorator": {
            "hashes": [
                "sha256:7d46dd9f3ea1cf5f06ee0e4e1277ae618cf48dfb10ada7c8427cd46c42702a0e",
                "sha256:94d1d8905f5010d74bbbd86c30471255661a14187c45f8d7f3e5aa8540fdb2e5"
            ],
            "version": "==4.2.1"
        },
        "enum34": {
            "hashes": [
                "sha256:2d81cbbe0e73112bdfe6ef8576f2238f2ba27dd0d55752a776c41d38b7da2850",
                "sha256:644837f692e5f550741432dd3f223bbb9852018674981b1664e5dc339387588a",
                "sha256:6bd0f6ad48ec2aa117d3d141940d484deccda84d4fcd884f5c3d93c23ecd8c79",
                "sha256:8ad8c4783bf61ded74527bffb48ed9b54166685e4230386a9ed9b1279e2df5b1"
            ],
            "markers": "python_version < '3.4'",
            "version": "==1.1.6"
        },
        "flake8": {
            "hashes": [
                "sha256:7253265f7abd8b313e3892944044a365e3f4ac3fcdcfb4298f55ee9ddf188ba0",
                "sha256:c7841163e2b576d435799169b78703ad6ac1bbb0f199994fc05f700b2a90ea37"
            ],
            "index": "pypi",
            "version": "==3.5.0"
        },
        "funcsigs": {
            "hashes": [
                "sha256:330cc27ccbf7f1e992e69fef78261dc7c6569012cf397db8d3de0234e6c937ca",
                "sha256:a7bb0f2cf3a3fd1ab2732cb49eba4252c2af4240442415b4abce3b87022a8f50"
            ],
            "markers": "python_version < '3.0'",
            "version": "==1.0.2"
        },
        "idna": {
            "hashes": [
                "sha256:2c6a5de3089009e3da7c5dde64a141dbc8551d5b7f6cf4ed7c2568d0cc520a8f",
                "sha256:8c7309c718f94b3a625cb648ace320157ad16ff131ae0af362c9f21b80ef6ec4"
            ],
            "version": "==2.6"
        },
        "ipython": {
            "hashes": [
                "sha256:51c158a6c8b899898d1c91c6b51a34110196815cc905f9be0fa5878e19355608",
                "sha256:fcc6d46f08c3c4de7b15ae1c426e15be1b7932bcda9d83ce1a4304e8c1129df3"
            ],
            "index": "pypi",
            "version": "==6.2.1"
        },
        "ipython-genutils": {
            "hashes": [
                "sha256:72dd37233799e619666c9f639a9da83c34013a73e8bbc79a7a6348d93c61fab8",
                "sha256:eb2e116e75ecef9d4d228fdc66af54269afa26ab4463042e33785b887c628ba8"
            ],
            "version": "==0.2.0"
        },
        "isort": {
            "hashes": [
                "sha256:1153601da39a25b14ddc54955dbbacbb6b2d19135386699e2ad58517953b34af",
                "sha256:b9c40e9750f3d77e6e4d441d8b0266cf555e7cdabdcff33c4fd06366ca761ef8",
                "sha256:ec9ef8f4a9bc6f71eec99e1806bfa2de401650d996c59330782b89a5555c1497"
            ],
            "index": "pypi",
            "version": "==4.3.4"
        },
        "jedi": {
            "hashes": [
                "sha256:d6e799d04d1ade9459ed0f20de47c32f2285438956a677d083d3c98def59fa97",
                "sha256:d795f2c2e659f5ea39a839e5230d70a0b045d0daee7ca2403568d8f348d0ad89"
            ],
            "version": "==0.11.1"
        },
        "mccabe": {
            "hashes": [
                "sha256:ab8a6258860da4b6677da4bd2fe5dc2c659cff31b3ee4f7f5d64e79735b80d42",
                "sha256:dd8d182285a0fe56bace7f45b5e7d1a6ebcbf524e8f3bd87eb0f125271b8831f"
            ],
            "version": "==0.6.1"
        },
        "parso": {
            "hashes": [
                "sha256:5815f3fe254e5665f3c5d6f54f086c2502035cb631a91341591b5a564203cffb",
                "sha256:a7bb86fe0844304869d1c08e8bd0e52be931228483025c422917411ab82d628a"
            ],
            "version": "==0.1.1"
        },
        "pathlib2": {
            "hashes": [
                "sha256:d32550b75a818b289bd4c1f96b60c89957811da205afcceab75bc8b4857ea5b3",
                "sha256:db3e43032d23787d3e9aec8c7ef1e0d2c3c589d5f303477661ebda2ca6d4bfba"
            ],
            "markers": "python_version in '2.6 2.7 3.2 3.3'",
            "version": "==2.3.0"
        },
        "pexpect": {
            "hashes": [
                "sha256:67b85a1565968e3d5b5e7c9283caddc90c3947a2625bed1905be27bd5a03e47d",
                "sha256:6ff881b07aff0cb8ec02055670443f784434395f90c3285d2ae470f921ade52a"
            ],
            "markers": "sys_platform != 'win32'",
            "version": "==4.4.0"
        },
        "pickleshare": {
            "hashes": [
                "sha256:84a9257227dfdd6fe1b4be1319096c20eb85ff1e82c7932f36efccfe1b09737b",
                "sha256:c9a2541f25aeabc070f12f452e1f2a8eae2abd51e1cd19e8430402bdf4c1d8b5"
            ],
            "version": "==0.7.4"
        },
        "pluggy": {
            "hashes": [
                "sha256:7f8ae7f5bdf75671a718d2daf0a64b7885f74510bcd98b1a0bb420eb9a9d0cff"
            ],
            "version": "==0.6.0"
        },
        "prompt-toolkit": {
            "hashes": [
                "sha256:1df952620eccb399c53ebb359cc7d9a8d3a9538cb34c5a1344bdbeb29fbcc381",
                "sha256:3f473ae040ddaa52b52f97f6b4a493cfa9f5920c255a12dc56a7d34397a398a4",
                "sha256:858588f1983ca497f1cf4ffde01d978a3ea02b01c8a26a8bbc5cd2e66d816917"
            ],
            "version": "==1.0.15"
        },
        "ptyprocess": {
            "hashes": [
                "sha256:e64193f0047ad603b71f202332ab5527c5e52aa7c8b609704fc28c0dc20c4365",
                "sha256:e8c43b5eee76b2083a9badde89fd1bbce6c8942d1045146e100b7b5e014f4f1a"
            ],
            "version": "==0.5.2"
        },
        "py": {
            "hashes": [
                "sha256:8cca5c229d225f8c1e3085be4fcf306090b00850fefad892f9d96c7b6e2f310f",
                "sha256:ca18943e28235417756316bfada6cd96b23ce60dd532642690dcfdaba988a76d"
            ],
            "version": "==1.5.2"
        },
        "pycodestyle": {
            "hashes": [
                "sha256:682256a5b318149ca0d2a9185d365d8864a768a28db66a84a2ea946bcc426766",
                "sha256:6c4245ade1edfad79c3446fadfc96b0de2759662dc29d07d80a6f27ad1ca6ba9"
            ],
            "version": "==2.3.1"
        },
        "pyflakes": {
            "hashes": [
                "sha256:08bd6a50edf8cffa9fa09a463063c425ecaaf10d1eb0335a7e8b1401aef89e6f",
                "sha256:8d616a382f243dbf19b54743f280b80198be0bca3a5396f1d2e1fca6223e8805"
            ],
            "version": "==1.6.0"
        },
        "pygments": {
            "hashes": [
                "sha256:78f3f434bcc5d6ee09020f92ba487f95ba50f1e3ef83ae96b9d5ffa1bab25c5d",
                "sha256:dbae1046def0efb574852fab9e90209b23f556367b5a320c0bcb871c77c3e8cc"
            ],
            "version": "==2.2.0"
        },
        "pytest": {
            "hashes": [
                "sha256:062027955bccbc04d2fcd5d79690947e018ba31abe4c90b2c6721abec734261b",
                "sha256:117bad36c1a787e1a8a659df35de53ba05f9f3398fb9e4ac17e80ad5903eb8c5"
            ],
            "index": "pypi",
            "version": "==3.4.2"
        },
        "pytest-cov": {
            "hashes": [
                "sha256:03aa752cf11db41d281ea1d807d954c4eda35cfa1b21d6971966cc041bbf6e2d",
                "sha256:890fe5565400902b0c78b5357004aab1c814115894f4f21370e2433256a3eeec"
            ],
            "index": "pypi",
            "version": "==2.5.1"
        },
        "requests": {
            "hashes": [
                "sha256:6a1b267aa90cac58ac3a765d067950e7dbbf75b1da07e895d1f594193a40a38b",
                "sha256:9c443e7324ba5b85070c4a818ade28bfabedf16ea10206da1132edaa6dda237e"
            ],
            "index": "pypi",
            "version": "==2.18.4"
        },
        "simplegeneric": {
            "hashes": [
                "sha256:dc972e06094b9af5b855b3df4a646395e43d1c9d0d39ed345b7393560d0b9173"
            ],
            "version": "==0.8.1"
        },
        "six": {
            "hashes": [
                "sha256:70e8a77beed4562e7f14fe23a786b54f6296e34344c23bc42f07b15018ff98e9",
                "sha256:832dc0e10feb1aa2c68dcc57dbb658f1c7e65b9b61af69048abc87a2db00a0eb"
            ],
            "version": "==1.11.0"
        },
        "traitlets": {
            "hashes": [
                "sha256:9c4bd2d267b7153df9152698efb1050a5d84982d3384a37b2c1f7723ba3e7835",
                "sha256:c6cb5e6f57c5a9bdaa40fa71ce7b4af30298fbab9ece9815b5d995ab6217c7d9"
            ],
            "version": "==4.3.2"
        },
        "typing": {
            "hashes": [
                "sha256:3a887b021a77b292e151afb75323dea88a7bc1b3dfa92176cff8e44c8b68bddf",
                "sha256:b2c689d54e1144bbcfd191b0832980a21c2dbcf7b5ff7a66248a60c90e951eb8",
                "sha256:d400a9344254803a2368533e4533a4200d21eb7b6b729c173bc38201a74db3f2"
            ],
            "markers": "python_version <= '3.4'",
            "version": "==3.6.4"
        },
        "urllib3": {
            "hashes": [
                "sha256:06330f386d6e4b195fbfc736b297f58c5a892e4440e54d294d7004e3a9bbea1b",
                "sha256:cc44da8e1145637334317feebd728bd869a35285b93cbb4cca2577da7e62db4f"
            ],
            "version": "==1.22"
        },
        "wcwidth": {
            "hashes": [
                "sha256:3df37372226d6e63e1b1e1eda15c594bca98a22d33a23832a90998faa96bc65e",
                "sha256:f4ebe71925af7b40a864553f761ed559b43544f8f71746c2d756c7fe788ade7c"
            ],
            "version": "==0.1.7"
        },
        "win-unicode-console": {
            "hashes": [
                "sha256:d4142d4d56d46f449d6f00536a73625a871cba040f0bc1a2e305a04578f07d1e"
            ],
            "markers": "sys_platform == 'win32' and python_version < '3.6'",
            "version": "==0.5"
        }
    }
}
